
Microsoft Visual Studio Solution File, Format Version 10.00
# Visual Studio 2008
Project("{FAE04EC0-301F-11D3-BF4B-00C04F79EFBC}") = "CoreTest", "Src\Test\BllTest\CoreTest.csproj", "{A47DF02E-2052-4BA7-9A92-0FCFBA783C74}"
EndProject
Project("{FAE04EC0-301F-11D3-BF4B-00C04F79EFBC}") = "FluentNHibernate", "Vendor\Fluent\src\FluentNHibernate\FluentNHibernate.csproj", "{529145D5-6CC3-4016-89B5-826563024AF1}"
EndProject
Project("{FAE04EC0-301F-11D3-BF4B-00C04F79EFBC}") = "Web", "Src\App\Web\Web.csproj", "{F3137C2F-2202-4759-876D-82096978016F}"
EndProject
Project("{FAE04EC0-301F-11D3-BF4B-00C04F79EFBC}") = "Core", "Src\App\BLL\Core.csproj", "{AFD6948B-AB96-4213-B306-C108715549D8}"
EndProject
Global
	GlobalSection(SolutionConfigurationPlatforms) = preSolution
		Clientele Package|.NET = Clientele Package|.NET
		Clientele Package|Any CPU = Clientele Package|Any CPU
		Clientele Package|Mixed Platforms = Clientele Package|Mixed Platforms
		Debug|.NET = Debug|.NET
		Debug|Any CPU = Debug|Any CPU
		Debug|Mixed Platforms = Debug|Mixed Platforms
		Demo|.NET = Demo|.NET
		Demo|Any CPU = Demo|Any CPU
		Demo|Mixed Platforms = Demo|Mixed Platforms
		Release|.NET = Release|.NET
		Release|Any CPU = Release|Any CPU
		Release|Mixed Platforms = Release|Mixed Platforms
	EndGlobalSection
	GlobalSection(ProjectConfigurationPlatforms) = postSolution
		{A47DF02E-2052-4BA7-9A92-0FCFBA783C74}.Clientele Package|.NET.ActiveCfg = Release|Any CPU
		{A47DF02E-2052-4BA7-9A92-0FCFBA783C74}.Clientele Package|Any CPU.ActiveCfg = Release|Any CPU
		{A47DF02E-2052-4BA7-9A92-0FCFBA783C74}.Clientele Package|Any CPU.Build.0 = Release|Any CPU
		{A47DF02E-2052-4BA7-9A92-0FCFBA783C74}.Clientele Package|Mixed Platforms.ActiveCfg = Release|Any CPU
		{A47DF02E-2052-4BA7-9A92-0FCFBA783C74}.Clientele Package|Mixed Platforms.Build.0 = Release|Any CPU
		{A47DF02E-2052-4BA7-9A92-0FCFBA783C74}.Debug|.NET.ActiveCfg = Debug|Any CPU
		{A47DF02E-2052-4BA7-9A92-0FCFBA783C74}.Debug|Any CPU.ActiveCfg = Debug|Any CPU
		{A47DF02E-2052-4BA7-9A92-0FCFBA783C74}.Debug|Any CPU.Build.0 = Debug|Any CPU
		{A47DF02E-2052-4BA7-9A92-0FCFBA783C74}.Debug|Mixed Platforms.ActiveCfg = Debug|Any CPU
		{A47DF02E-2052-4BA7-9A92-0FCFBA783C74}.Debug|Mixed Platforms.Build.0 = Debug|Any CPU
		{A47DF02E-2052-4BA7-9A92-0FCFBA783C74}.Demo|.NET.ActiveCfg = Debug|Any CPU
		{A47DF02E-2052-4BA7-9A92-0FCFBA783C74}.Demo|Any CPU.ActiveCfg = Debug|Any CPU
		{A47DF02E-2052-4BA7-9A92-0FCFBA783C74}.Demo|Any CPU.Build.0 = Debug|Any CPU
		{A47DF02E-2052-4BA7-9A92-0FCFBA783C74}.Demo|Mixed Platforms.ActiveCfg = Debug|Any CPU
		{A47DF02E-2052-4BA7-9A92-0FCFBA783C74}.Demo|Mixed Platforms.Build.0 = Debug|Any CPU
		{A47DF02E-2052-4BA7-9A92-0FCFBA783C74}.Release|.NET.ActiveCfg = Release|Any CPU
		{A47DF02E-2052-4BA7-9A92-0FCFBA783C74}.Release|Any CPU.ActiveCfg = Release|Any CPU
		{A47DF02E-2052-4BA7-9A92-0FCFBA783C74}.Release|Any CPU.Build.0 = Release|Any CPU
		{A47DF02E-2052-4BA7-9A92-0FCFBA783C74}.Release|Mixed Platforms.ActiveCfg = Release|Any CPU
		{A47DF02E-2052-4BA7-9A92-0FCFBA783C74}.Release|Mixed Platforms.Build.0 = Release|Any CPU
		{529145D5-6CC3-4016-89B5-826563024AF1}.Clientele Package|.NET.ActiveCfg = Release|Any CPU
		{529145D5-6CC3-4016-89B5-826563024AF1}.Clientele Package|Any CPU.ActiveCfg = Release|Any CPU
		{529145D5-6CC3-4016-89B5-826563024AF1}.Clientele Package|Any CPU.Build.0 = Release|Any CPU
		{529145D5-6CC3-4016-89B5-826563024AF1}.Clientele Package|Mixed Platforms.ActiveCfg = Release|Any CPU
		{529145D5-6CC3-4016-89B5-826563024AF1}.Clientele Package|Mixed Platforms.Build.0 = Release|Any CPU
		{529145D5-6CC3-4016-89B5-826563024AF1}.Debug|.NET.ActiveCfg = Debug|Any CPU
		{529145D5-6CC3-4016-89B5-826563024AF1}.Debug|Any CPU.ActiveCfg = Debug|Any CPU
		{529145D5-6CC3-4016-89B5-826563024AF1}.Debug|Any CPU.Build.0 = Debug|Any CPU
		{529145D5-6CC3-4016-89B5-826563024AF1}.Debug|Mixed Platforms.ActiveCfg = Debug|Any CPU
		{529145D5-6CC3-4016-89B5-826563024AF1}.Debug|Mixed Platforms.Build.0 = Debug|Any CPU
		{529145D5-6CC3-4016-89B5-826563024AF1}.Demo|.NET.ActiveCfg = Debug|Any CPU
		{529145D5-6CC3-4016-89B5-826563024AF1}.Demo|Any CPU.ActiveCfg = Debug|Any CPU
		{529145D5-6CC3-4016-89B5-826563024AF1}.Demo|Any CPU.Build.0 = Debug|Any CPU
		{529145D5-6CC3-4016-89B5-826563024AF1}.Demo|Mixed Platforms.ActiveCfg = Debug|Any CPU
		{529145D5-6CC3-4016-89B5-826563024AF1}.Demo|Mixed Platforms.Build.0 = Debug|Any CPU
		{529145D5-6CC3-4016-89B5-826563024AF1}.Release|.NET.ActiveCfg = Release|Any CPU
		{529145D5-6CC3-4016-89B5-826563024AF1}.Release|Any CPU.ActiveCfg = Release|Any CPU
		{529145D5-6CC3-4016-89B5-826563024AF1}.Release|Any CPU.Build.0 = Release|Any CPU
		{529145D5-6CC3-4016-89B5-826563024AF1}.Release|Mixed Platforms.ActiveCfg = Release|Any CPU
		{529145D5-6CC3-4016-89B5-826563024AF1}.Release|Mixed Platforms.Build.0 = Release|Any CPU
		{F3137C2F-2202-4759-876D-82096978016F}.Clientele Package|.NET.ActiveCfg = Release|Any CPU
		{F3137C2F-2202-4759-876D-82096978016F}.Clientele Package|Any CPU.ActiveCfg = Release|Any CPU
		{F3137C2F-2202-4759-876D-82096978016F}.Clientele Package|Any CPU.Build.0 = Release|Any CPU
		{F3137C2F-2202-4759-876D-82096978016F}.Clientele Package|Mixed Platforms.ActiveCfg = Release|Any CPU
		{F3137C2F-2202-4759-876D-82096978016F}.Clientele Package|Mixed Platforms.Build.0 = Release|Any CPU
		{F3137C2F-2202-4759-876D-82096978016F}.Debug|.NET.ActiveCfg = Debug|Any CPU
		{F3137C2F-2202-4759-876D-82096978016F}.Debug|Any CPU.ActiveCfg = Debug|Any CPU
		{F3137C2F-2202-4759-876D-82096978016F}.Debug|Any CPU.Build.0 = Debug|Any CPU
		{F3137C2F-2202-4759-876D-82096978016F}.Debug|Mixed Platforms.ActiveCfg = Debug|Any CPU
		{F3137C2F-2202-4759-876D-82096978016F}.Debug|Mixed Platforms.Build.0 = Debug|Any CPU
		{F3137C2F-2202-4759-876D-82096978016F}.Demo|.NET.ActiveCfg = Debug|Any CPU
		{F3137C2F-2202-4759-876D-82096978016F}.Demo|Any CPU.ActiveCfg = Debug|Any CPU
		{F3137C2F-2202-4759-876D-82096978016F}.Demo|Any CPU.Build.0 = Debug|Any CPU
		{F3137C2F-2202-4759-876D-82096978016F}.Demo|Mixed Platforms.ActiveCfg = Debug|Any CPU
		{F3137C2F-2202-4759-876D-82096978016F}.Demo|Mixed Platforms.Build.0 = Debug|Any CPU
		{F3137C2F-2202-4759-876D-82096978016F}.Release|.NET.ActiveCfg = Release|Any CPU
		{F3137C2F-2202-4759-876D-82096978016F}.Release|Any CPU.ActiveCfg = Release|Any CPU
		{F3137C2F-2202-4759-876D-82096978016F}.Release|Any CPU.Build.0 = Release|Any CPU
		{F3137C2F-2202-4759-876D-82096978016F}.Release|Mixed Platforms.ActiveCfg = Release|Any CPU
		{F3137C2F-2202-4759-876D-82096978016F}.Release|Mixed Platforms.Build.0 = Release|Any CPU
		{AFD6948B-AB96-4213-B306-C108715549D8}.Clientele Package|.NET.ActiveCfg = Release|Any CPU
		{AFD6948B-AB96-4213-B306-C108715549D8}.Clientele Package|Any CPU.ActiveCfg = Release|Any CPU
		{AFD6948B-AB96-4213-B306-C108715549D8}.Clientele Package|Any CPU.Build.0 = Release|Any CPU
		{AFD6948B-AB96-4213-B306-C108715549D8}.Clientele Package|Mixed Platforms.ActiveCfg = Release|Any CPU
		{AFD6948B-AB96-4213-B306-C108715549D8}.Clientele Package|Mixed Platforms.Build.0 = Release|Any CPU
		{AFD6948B-AB96-4213-B306-C108715549D8}.Debug|.NET.ActiveCfg = Debug|Any CPU
		{AFD6948B-AB96-4213-B306-C108715549D8}.Debug|Any CPU.ActiveCfg = Debug|Any CPU
		{AFD6948B-AB96-4213-B306-C108715549D8}.Debug|Any CPU.Build.0 = Debug|Any CPU
		{AFD6948B-AB96-4213-B306-C108715549D8}.Debug|Mixed Platforms.ActiveCfg = Debug|Any CPU
		{AFD6948B-AB96-4213-B306-C108715549D8}.Debug|Mixed Platforms.Build.0 = Debug|Any CPU
		{AFD6948B-AB96-4213-B306-C108715549D8}.Demo|.NET.ActiveCfg = Debug|Any CPU
		{AFD6948B-AB96-4213-B306-C108715549D8}.Demo|Any CPU.ActiveCfg = Debug|Any CPU
		{AFD6948B-AB96-4213-B306-C108715549D8}.Demo|Any CPU.Build.0 = Debug|Any CPU
		{AFD6948B-AB96-4213-B306-C108715549D8}.Demo|Mixed Platforms.ActiveCfg = Debug|Any CPU
		{AFD6948B-AB96-4213-B306-C108715549D8}.Demo|Mixed Platforms.Build.0 = Debug|Any CPU
		{AFD6948B-AB96-4213-B306-C108715549D8}.Release|.NET.ActiveCfg = Release|Any CPU
		{AFD6948B-AB96-4213-B306-C108715549D8}.Release|Any CPU.ActiveCfg = Release|Any CPU
		{AFD6948B-AB96-4213-B306-C108715549D8}.Release|Any CPU.Build.0 = Release|Any CPU
		{AFD6948B-AB96-4213-B306-C108715549D8}.Release|Mixed Platforms.ActiveCfg = Release|Any CPU
		{AFD6948B-AB96-4213-B306-C108715549D8}.Release|Mixed Platforms.Build.0 = Release|Any CPU
	EndGlobalSection
	GlobalSection(SolutionProperties) = preSolution
		HideSolutionNode = FALSE
	EndGlobalSection
EndGlobal
