
Microsoft Visual Studio Solution File, Format Version 10.00
# Visual Studio 2008
Project("{FAE04EC0-301F-11D3-BF4B-00C04F79EFBC}") = "2_BLL", "Src\App\2_BLL\2_BLL.csproj", "{AFD6948B-AB96-4213-B306-C108715549D8}"
EndProject
Project("{FAE04EC0-301F-11D3-BF4B-00C04F79EFBC}") = "4_WebControls", "Src\App\3_WebControls\4_WebControls.csproj", "{15823F9C-2F4A-46B9-9D01-BFC61352F802}"
EndProject
Project("{FAE04EC0-301F-11D3-BF4B-00C04F79EFBC}") = "BllTest", "Src\Test\BllTest\BllTest.csproj", "{A47DF02E-2052-4BA7-9A92-0FCFBA783C74}"
EndProject
Project("{FAE04EC0-301F-11D3-BF4B-00C04F79EFBC}") = "VWebControls", "Src\App\VWebControls\VWebControls.csproj", "{D1E8ABC6-F140-4131-8C3C-EE8070824860}"
EndProject
Project("{FAE04EC0-301F-11D3-BF4B-00C04F79EFBC}") = "WilsonORMapper.DotNetV2", "Vendor\WilsonORMapperProd\ORMapper\WilsonORMapper.DotNetV2.csproj", "{A5023F45-094E-4D38-A69C-3754A94051F6}"
EndProject
Global
	GlobalSection(SolutionConfigurationPlatforms) = preSolution
		Clientele Package|.NET = Clientele Package|.NET
		Clientele Package|Any CPU = Clientele Package|Any CPU
		Clientele Package|Mixed Platforms = Clientele Package|Mixed Platforms
		Debug|.NET = Debug|.NET
		Debug|Any CPU = Debug|Any CPU
		Debug|Mixed Platforms = Debug|Mixed Platforms
		Demo|.NET = Demo|.NET
		Demo|Any CPU = Demo|Any CPU
		Demo|Mixed Platforms = Demo|Mixed Platforms
		Release|.NET = Release|.NET
		Release|Any CPU = Release|Any CPU
		Release|Mixed Platforms = Release|Mixed Platforms
	EndGlobalSection
	GlobalSection(ProjectConfigurationPlatforms) = postSolution
		{AFD6948B-AB96-4213-B306-C108715549D8}.Clientele Package|.NET.ActiveCfg = Release|Any CPU
		{AFD6948B-AB96-4213-B306-C108715549D8}.Clientele Package|Any CPU.ActiveCfg = Release|Any CPU
		{AFD6948B-AB96-4213-B306-C108715549D8}.Clientele Package|Any CPU.Build.0 = Release|Any CPU
		{AFD6948B-AB96-4213-B306-C108715549D8}.Clientele Package|Mixed Platforms.ActiveCfg = Release|Any CPU
		{AFD6948B-AB96-4213-B306-C108715549D8}.Clientele Package|Mixed Platforms.Build.0 = Release|Any CPU
		{AFD6948B-AB96-4213-B306-C108715549D8}.Debug|.NET.ActiveCfg = Debug|Any CPU
		{AFD6948B-AB96-4213-B306-C108715549D8}.Debug|Any CPU.ActiveCfg = Debug|Any CPU
		{AFD6948B-AB96-4213-B306-C108715549D8}.Debug|Any CPU.Build.0 = Debug|Any CPU
		{AFD6948B-AB96-4213-B306-C108715549D8}.Debug|Mixed Platforms.ActiveCfg = Debug|Any CPU
		{AFD6948B-AB96-4213-B306-C108715549D8}.Debug|Mixed Platforms.Build.0 = Debug|Any CPU
		{AFD6948B-AB96-4213-B306-C108715549D8}.Demo|.NET.ActiveCfg = Debug|Any CPU
		{AFD6948B-AB96-4213-B306-C108715549D8}.Demo|Any CPU.ActiveCfg = Debug|Any CPU
		{AFD6948B-AB96-4213-B306-C108715549D8}.Demo|Any CPU.Build.0 = Debug|Any CPU
		{AFD6948B-AB96-4213-B306-C108715549D8}.Demo|Mixed Platforms.ActiveCfg = Debug|Any CPU
		{AFD6948B-AB96-4213-B306-C108715549D8}.Demo|Mixed Platforms.Build.0 = Debug|Any CPU
		{AFD6948B-AB96-4213-B306-C108715549D8}.Release|.NET.ActiveCfg = Release|Any CPU
		{AFD6948B-AB96-4213-B306-C108715549D8}.Release|Any CPU.ActiveCfg = Release|Any CPU
		{AFD6948B-AB96-4213-B306-C108715549D8}.Release|Any CPU.Build.0 = Release|Any CPU
		{AFD6948B-AB96-4213-B306-C108715549D8}.Release|Mixed Platforms.ActiveCfg = Release|Any CPU
		{AFD6948B-AB96-4213-B306-C108715549D8}.Release|Mixed Platforms.Build.0 = Release|Any CPU
		{15823F9C-2F4A-46B9-9D01-BFC61352F802}.Clientele Package|.NET.ActiveCfg = Release|Any CPU
		{15823F9C-2F4A-46B9-9D01-BFC61352F802}.Clientele Package|Any CPU.ActiveCfg = Release|Any CPU
		{15823F9C-2F4A-46B9-9D01-BFC61352F802}.Clientele Package|Any CPU.Build.0 = Release|Any CPU
		{15823F9C-2F4A-46B9-9D01-BFC61352F802}.Clientele Package|Mixed Platforms.ActiveCfg = Release|Any CPU
		{15823F9C-2F4A-46B9-9D01-BFC61352F802}.Clientele Package|Mixed Platforms.Build.0 = Release|Any CPU
		{15823F9C-2F4A-46B9-9D01-BFC61352F802}.Debug|.NET.ActiveCfg = Debug|Any CPU
		{15823F9C-2F4A-46B9-9D01-BFC61352F802}.Debug|Any CPU.ActiveCfg = Debug|Any CPU
		{15823F9C-2F4A-46B9-9D01-BFC61352F802}.Debug|Any CPU.Build.0 = Debug|Any CPU
		{15823F9C-2F4A-46B9-9D01-BFC61352F802}.Debug|Mixed Platforms.ActiveCfg = Debug|Any CPU
		{15823F9C-2F4A-46B9-9D01-BFC61352F802}.Debug|Mixed Platforms.Build.0 = Debug|Any CPU
		{15823F9C-2F4A-46B9-9D01-BFC61352F802}.Demo|.NET.ActiveCfg = Debug|Any CPU
		{15823F9C-2F4A-46B9-9D01-BFC61352F802}.Demo|Any CPU.ActiveCfg = Debug|Any CPU
		{15823F9C-2F4A-46B9-9D01-BFC61352F802}.Demo|Any CPU.Build.0 = Debug|Any CPU
		{15823F9C-2F4A-46B9-9D01-BFC61352F802}.Demo|Mixed Platforms.ActiveCfg = Debug|Any CPU
		{15823F9C-2F4A-46B9-9D01-BFC61352F802}.Demo|Mixed Platforms.Build.0 = Debug|Any CPU
		{15823F9C-2F4A-46B9-9D01-BFC61352F802}.Release|.NET.ActiveCfg = Release|Any CPU
		{15823F9C-2F4A-46B9-9D01-BFC61352F802}.Release|Any CPU.ActiveCfg = Release|Any CPU
		{15823F9C-2F4A-46B9-9D01-BFC61352F802}.Release|Any CPU.Build.0 = Release|Any CPU
		{15823F9C-2F4A-46B9-9D01-BFC61352F802}.Release|Mixed Platforms.ActiveCfg = Release|Any CPU
		{15823F9C-2F4A-46B9-9D01-BFC61352F802}.Release|Mixed Platforms.Build.0 = Release|Any CPU
		{A47DF02E-2052-4BA7-9A92-0FCFBA783C74}.Clientele Package|.NET.ActiveCfg = Release|Any CPU
		{A47DF02E-2052-4BA7-9A92-0FCFBA783C74}.Clientele Package|Any CPU.ActiveCfg = Release|Any CPU
		{A47DF02E-2052-4BA7-9A92-0FCFBA783C74}.Clientele Package|Any CPU.Build.0 = Release|Any CPU
		{A47DF02E-2052-4BA7-9A92-0FCFBA783C74}.Clientele Package|Mixed Platforms.ActiveCfg = Release|Any CPU
		{A47DF02E-2052-4BA7-9A92-0FCFBA783C74}.Clientele Package|Mixed Platforms.Build.0 = Release|Any CPU
		{A47DF02E-2052-4BA7-9A92-0FCFBA783C74}.Debug|.NET.ActiveCfg = Debug|Any CPU
		{A47DF02E-2052-4BA7-9A92-0FCFBA783C74}.Debug|Any CPU.ActiveCfg = Debug|Any CPU
		{A47DF02E-2052-4BA7-9A92-0FCFBA783C74}.Debug|Any CPU.Build.0 = Debug|Any CPU
		{A47DF02E-2052-4BA7-9A92-0FCFBA783C74}.Debug|Mixed Platforms.ActiveCfg = Debug|Any CPU
		{A47DF02E-2052-4BA7-9A92-0FCFBA783C74}.Debug|Mixed Platforms.Build.0 = Debug|Any CPU
		{A47DF02E-2052-4BA7-9A92-0FCFBA783C74}.Demo|.NET.ActiveCfg = Debug|Any CPU
		{A47DF02E-2052-4BA7-9A92-0FCFBA783C74}.Demo|Any CPU.ActiveCfg = Debug|Any CPU
		{A47DF02E-2052-4BA7-9A92-0FCFBA783C74}.Demo|Any CPU.Build.0 = Debug|Any CPU
		{A47DF02E-2052-4BA7-9A92-0FCFBA783C74}.Demo|Mixed Platforms.ActiveCfg = Debug|Any CPU
		{A47DF02E-2052-4BA7-9A92-0FCFBA783C74}.Demo|Mixed Platforms.Build.0 = Debug|Any CPU
		{A47DF02E-2052-4BA7-9A92-0FCFBA783C74}.Release|.NET.ActiveCfg = Release|Any CPU
		{A47DF02E-2052-4BA7-9A92-0FCFBA783C74}.Release|Any CPU.ActiveCfg = Release|Any CPU
		{A47DF02E-2052-4BA7-9A92-0FCFBA783C74}.Release|Any CPU.Build.0 = Release|Any CPU
		{A47DF02E-2052-4BA7-9A92-0FCFBA783C74}.Release|Mixed Platforms.ActiveCfg = Release|Any CPU
		{A47DF02E-2052-4BA7-9A92-0FCFBA783C74}.Release|Mixed Platforms.Build.0 = Release|Any CPU
		{D1E8ABC6-F140-4131-8C3C-EE8070824860}.Clientele Package|.NET.ActiveCfg = Release|Any CPU
		{D1E8ABC6-F140-4131-8C3C-EE8070824860}.Clientele Package|Any CPU.ActiveCfg = Release|Any CPU
		{D1E8ABC6-F140-4131-8C3C-EE8070824860}.Clientele Package|Any CPU.Build.0 = Release|Any CPU
		{D1E8ABC6-F140-4131-8C3C-EE8070824860}.Clientele Package|Mixed Platforms.ActiveCfg = Release|Any CPU
		{D1E8ABC6-F140-4131-8C3C-EE8070824860}.Clientele Package|Mixed Platforms.Build.0 = Release|Any CPU
		{D1E8ABC6-F140-4131-8C3C-EE8070824860}.Debug|.NET.ActiveCfg = Debug|Any CPU
		{D1E8ABC6-F140-4131-8C3C-EE8070824860}.Debug|Any CPU.ActiveCfg = Debug|Any CPU
		{D1E8ABC6-F140-4131-8C3C-EE8070824860}.Debug|Any CPU.Build.0 = Debug|Any CPU
		{D1E8ABC6-F140-4131-8C3C-EE8070824860}.Debug|Mixed Platforms.ActiveCfg = Debug|Any CPU
		{D1E8ABC6-F140-4131-8C3C-EE8070824860}.Debug|Mixed Platforms.Build.0 = Debug|Any CPU
		{D1E8ABC6-F140-4131-8C3C-EE8070824860}.Demo|.NET.ActiveCfg = Debug|Any CPU
		{D1E8ABC6-F140-4131-8C3C-EE8070824860}.Demo|Any CPU.ActiveCfg = Debug|Any CPU
		{D1E8ABC6-F140-4131-8C3C-EE8070824860}.Demo|Any CPU.Build.0 = Debug|Any CPU
		{D1E8ABC6-F140-4131-8C3C-EE8070824860}.Demo|Mixed Platforms.ActiveCfg = Debug|Any CPU
		{D1E8ABC6-F140-4131-8C3C-EE8070824860}.Demo|Mixed Platforms.Build.0 = Debug|Any CPU
		{D1E8ABC6-F140-4131-8C3C-EE8070824860}.Release|.NET.ActiveCfg = Release|Any CPU
		{D1E8ABC6-F140-4131-8C3C-EE8070824860}.Release|Any CPU.ActiveCfg = Release|Any CPU
		{D1E8ABC6-F140-4131-8C3C-EE8070824860}.Release|Any CPU.Build.0 = Release|Any CPU
		{D1E8ABC6-F140-4131-8C3C-EE8070824860}.Release|Mixed Platforms.ActiveCfg = Release|Any CPU
		{D1E8ABC6-F140-4131-8C3C-EE8070824860}.Release|Mixed Platforms.Build.0 = Release|Any CPU
		{A5023F45-094E-4D38-A69C-3754A94051F6}.Clientele Package|.NET.ActiveCfg = Demo|Any CPU
		{A5023F45-094E-4D38-A69C-3754A94051F6}.Clientele Package|Any CPU.ActiveCfg = Demo|Any CPU
		{A5023F45-094E-4D38-A69C-3754A94051F6}.Clientele Package|Any CPU.Build.0 = Demo|Any CPU
		{A5023F45-094E-4D38-A69C-3754A94051F6}.Clientele Package|Mixed Platforms.ActiveCfg = Demo|Any CPU
		{A5023F45-094E-4D38-A69C-3754A94051F6}.Clientele Package|Mixed Platforms.Build.0 = Demo|Any CPU
		{A5023F45-094E-4D38-A69C-3754A94051F6}.Debug|.NET.ActiveCfg = Debug|Any CPU
		{A5023F45-094E-4D38-A69C-3754A94051F6}.Debug|Any CPU.ActiveCfg = Debug|Any CPU
		{A5023F45-094E-4D38-A69C-3754A94051F6}.Debug|Any CPU.Build.0 = Debug|Any CPU
		{A5023F45-094E-4D38-A69C-3754A94051F6}.Debug|Mixed Platforms.ActiveCfg = Debug|Any CPU
		{A5023F45-094E-4D38-A69C-3754A94051F6}.Debug|Mixed Platforms.Build.0 = Debug|Any CPU
		{A5023F45-094E-4D38-A69C-3754A94051F6}.Demo|.NET.ActiveCfg = Demo|Any CPU
		{A5023F45-094E-4D38-A69C-3754A94051F6}.Demo|Any CPU.ActiveCfg = Demo|Any CPU
		{A5023F45-094E-4D38-A69C-3754A94051F6}.Demo|Any CPU.Build.0 = Demo|Any CPU
		{A5023F45-094E-4D38-A69C-3754A94051F6}.Demo|Mixed Platforms.ActiveCfg = Demo|Any CPU
		{A5023F45-094E-4D38-A69C-3754A94051F6}.Demo|Mixed Platforms.Build.0 = Demo|Any CPU
		{A5023F45-094E-4D38-A69C-3754A94051F6}.Release|.NET.ActiveCfg = Release|Any CPU
		{A5023F45-094E-4D38-A69C-3754A94051F6}.Release|Any CPU.ActiveCfg = Release|Any CPU
		{A5023F45-094E-4D38-A69C-3754A94051F6}.Release|Any CPU.Build.0 = Release|Any CPU
		{A5023F45-094E-4D38-A69C-3754A94051F6}.Release|Mixed Platforms.ActiveCfg = Release|Any CPU
		{A5023F45-094E-4D38-A69C-3754A94051F6}.Release|Mixed Platforms.Build.0 = Release|Any CPU
	EndGlobalSection
	GlobalSection(SolutionProperties) = preSolution
		HideSolutionNode = FALSE
	EndGlobalSection
EndGlobal
